
Microsoft Visual Studio Solution File, Format Version 12.00
# Visual Studio 15
VisualStudioVersion = 15.0.27130.2010
MinimumVisualStudioVersion = 10.0.40219.1
Project("{FAE04EC0-301F-11D3-BF4B-00C04F79EFBC}") = "Kanaria", "Kanaria\Kanaria.csproj", "{4B051E77-A31E-4F6E-BB92-0D0B8AA3538F}"
EndProject
Project("{FAE04EC0-301F-11D3-BF4B-00C04F79EFBC}") = "KanariaTest", "KanariaTest\KanariaTest.csproj", "{3D450A28-ED46-4126-8EE1-2DDDEC00CD65}"
EndProject
Project("{FAE04EC0-301F-11D3-BF4B-00C04F79EFBC}") = "KanariaExample", "KanariaExample\KanariaExample.csproj", "{AA9B47A8-0F06-4630-B579-90C9CDFA0AC5}"
EndProject
Project("{FAE04EC0-301F-11D3-BF4B-00C04F79EFBC}") = "KanariaBenchmark", "KanariaBenchmark\KanariaBenchmark.csproj", "{92CB2936-AAE5-4480-B77A-9F109B72ADAD}"
EndProject
Global
	GlobalSection(SolutionConfigurationPlatforms) = preSolution
		Debug|Any CPU = Debug|Any CPU
		Release|Any CPU = Release|Any CPU
	EndGlobalSection
	GlobalSection(ProjectConfigurationPlatforms) = postSolution
		{4B051E77-A31E-4F6E-BB92-0D0B8AA3538F}.Debug|Any CPU.ActiveCfg = Debug|Any CPU
		{4B051E77-A31E-4F6E-BB92-0D0B8AA3538F}.Debug|Any CPU.Build.0 = Debug|Any CPU
		{4B051E77-A31E-4F6E-BB92-0D0B8AA3538F}.Release|Any CPU.ActiveCfg = Release|Any CPU
		{4B051E77-A31E-4F6E-BB92-0D0B8AA3538F}.Release|Any CPU.Build.0 = Release|Any CPU
		{3D450A28-ED46-4126-8EE1-2DDDEC00CD65}.Debug|Any CPU.ActiveCfg = Debug|Any CPU
		{3D450A28-ED46-4126-8EE1-2DDDEC00CD65}.Debug|Any CPU.Build.0 = Debug|Any CPU
		{3D450A28-ED46-4126-8EE1-2DDDEC00CD65}.Release|Any CPU.ActiveCfg = Release|Any CPU
		{3D450A28-ED46-4126-8EE1-2DDDEC00CD65}.Release|Any CPU.Build.0 = Release|Any CPU
		{AA9B47A8-0F06-4630-B579-90C9CDFA0AC5}.Debug|Any CPU.ActiveCfg = Debug|Any CPU
		{AA9B47A8-0F06-4630-B579-90C9CDFA0AC5}.Debug|Any CPU.Build.0 = Debug|Any CPU
		{AA9B47A8-0F06-4630-B579-90C9CDFA0AC5}.Release|Any CPU.ActiveCfg = Release|Any CPU
		{AA9B47A8-0F06-4630-B579-90C9CDFA0AC5}.Release|Any CPU.Build.0 = Release|Any CPU
		{92CB2936-AAE5-4480-B77A-9F109B72ADAD}.Debug|Any CPU.ActiveCfg = Debug|Any CPU
		{92CB2936-AAE5-4480-B77A-9F109B72ADAD}.Debug|Any CPU.Build.0 = Debug|Any CPU
		{92CB2936-AAE5-4480-B77A-9F109B72ADAD}.Release|Any CPU.ActiveCfg = Release|Any CPU
		{92CB2936-AAE5-4480-B77A-9F109B72ADAD}.Release|Any CPU.Build.0 = Release|Any CPU
	EndGlobalSection
	GlobalSection(SolutionProperties) = preSolution
		HideSolutionNode = FALSE
	EndGlobalSection
	GlobalSection(ExtensibilityGlobals) = postSolution
		SolutionGuid = {8AC1B08E-4A98-4C15-8B49-637353EC3D4D}
	EndGlobalSection
EndGlobal
